PODS:
  - Alamofire (5.4.1)
  - Bond (7.8.1):
    - Differ (~> 1.4)
    - ReactiveKit (~> 3.14)
  - Differ (1.4.5)
  - ReactiveKit (3.17.4)
  - SDWebImage (5.10.3):
    - SDWebImage/Core (= 5.10.3)
  - SDWebImage/Core (5.10.3)
  - SimpleImageViewer (1.1.1)
  - SwiftGen (6.4.0)
  - SwiftLint (0.42.0)

DEPENDENCIES:
  - Alamofire (~> 5.0)
  - Bond
  - SDWebImage
  - SimpleImageViewer (~> 1.1.1)
  - SwiftGen (~> 6.0)
  - SwiftLint

SPEC REPOS:
  trunk:
    - Alamofire
    - Bond
    - Differ
    - ReactiveKit
    - SDWebImage
    - SimpleImageViewer
    - SwiftGen
    - SwiftLint

SPEC CHECKSUMS:
  Alamofire: 2291f7d21ca607c491dd17642e5d40fdcda0e65c
  Bond: 87075c7f20f37ea3e73dc7057fce839787bf46eb
  Differ: 3b6bd78e2b20cc795d9a86f7641d087524e4273e
  ReactiveKit: f9f9e079efa39312c597bf1508ef4810d111ce76
  SDWebImage: e378178472b735e84b007bfb55514c97948a0598
  SimpleImageViewer: 34c3a2cde2d9ac022146772cefc27fca14b0c8b1
  SwiftGen: 67860cc7c3cfc2ed25b9b74cfd55495fc89f9108
  SwiftLint: 4fa9579c63416865179bc416f0a92d55f009600d

PODFILE CHECKSUM: ec8b0c0f4e51e7b981f27d4bb986420470c66db4

COCOAPODS: 1.10.0
